
Microsoft Visual Studio Solution File, Format Version 12.00
# Visual Studio Version 17
VisualStudioVersion = 17.11.35327.3
MinimumVisualStudioVersion = 10.0.40219.1
Project("{FAE04EC0-301F-11D3-BF4B-00C04F79EFBC}") = "cst350groupapp", "cst350groupapp.csproj", "{5CD557FB-77FC-4753-A8DC-EFF024145093}"
EndProject
Global
	GlobalSection(SolutionConfigurationPlatforms) = preSolution
		Debug|Any CPU = Debug|Any CPU
		Release|Any CPU = Release|Any CPU
	EndGlobalSection
	GlobalSection(ProjectConfigurationPlatforms) = postSolution
		{5CD557FB-77FC-4753-A8DC-EFF024145093}.Debug|Any CPU.ActiveCfg = Debug|Any CPU
		{5CD557FB-77FC-4753-A8DC-EFF024145093}.Debug|Any CPU.Build.0 = Debug|Any CPU
		{5CD557FB-77FC-4753-A8DC-EFF024145093}.Release|Any CPU.ActiveCfg = Release|Any CPU
		{5CD557FB-77FC-4753-A8DC-EFF024145093}.Release|Any CPU.Build.0 = Release|Any CPU
	EndGlobalSection
	GlobalSection(SolutionProperties) = preSolution
		HideSolutionNode = FALSE
	EndGlobalSection
	GlobalSection(ExtensibilityGlobals) = postSolution
		SolutionGuid = {99C5FD87-4181-41BC-BEC1-66344F170EE3}
	EndGlobalSection
EndGlobal
